PODS:
  - Alamofire (5.2.2)
  - Moya/Core (14.0.0):
    - Alamofire (~> 5.0)
  - Moya/RxSwift (14.0.0):
    - Moya/Core
    - RxSwift (~> 5.0)
  - ObjectMapper (3.5.3)
  - RxSwift (5.1.1)
  - SideMenu (6.4.9)
  - SwiftLint (0.40.2)

DEPENDENCIES:
  - Moya/RxSwift
  - ObjectMapper (~> 3.5)
  - SideMenu
  - SwiftLint

SPEC REPOS:
  trunk:
    - Alamofire
    - Moya
    - ObjectMapper
    - RxSwift
    - SideMenu
    - SwiftLint

SPEC CHECKSUMS:
  Alamofire: 814429acc853c6c54ff123fc3d2ef66803823ce0
  Moya: 5b45dacb75adb009f97fde91c204c1e565d31916
  ObjectMapper: 97111c97e054a6ee25917662106689f0b4127b37
  RxSwift: 81470a2074fa8780320ea5fe4102807cb7118178
  SideMenu: 8ef57a3cfc024a2d3fc1c036c7fe98537baec9e0
  SwiftLint: 1216c910d27c2633ade33b4f071bb6b930982e62

PODFILE CHECKSUM: e9ca386e5588a29fdb2c73dee6fcb53933eb54a9

COCOAPODS: 1.9.3
